
Microsoft Visual Studio Solution File, Format Version 12.00
# Visual Studio 14
VisualStudioVersion = 14.0.25420.1
MinimumVisualStudioVersion = 10.0.40219.1
Project("{FAE04EC0-301F-11D3-BF4B-00C04F79EFBC}") = "helgemahrt.EnhancedAI", "helgemahrt.EnhancedAI\helgemahrt.EnhancedAI.csproj", "{F5287C1B-A0BA-4B69-91BB-189993272070}"
EndProject
Project("{FAE04EC0-301F-11D3-BF4B-00C04F79EFBC}") = "helgemahrt.EnhancedAI.UnitTests", "helgemahrt.EnhancedAI.UnitTests\helgemahrt.EnhancedAI.UnitTests.csproj", "{ABF9326C-DC06-4E7B-B835-AB805223B1C8}"
EndProject
Global
	GlobalSection(SolutionConfigurationPlatforms) = preSolution
		Debug|Any CPU = Debug|Any CPU
		Release|Any CPU = Release|Any CPU
	EndGlobalSection
	GlobalSection(ProjectConfigurationPlatforms) = postSolution
		{F5287C1B-A0BA-4B69-91BB-189993272070}.Debug|Any CPU.ActiveCfg = Debug|Any CPU
		{F5287C1B-A0BA-4B69-91BB-189993272070}.Debug|Any CPU.Build.0 = Debug|Any CPU
		{F5287C1B-A0BA-4B69-91BB-189993272070}.Release|Any CPU.ActiveCfg = Release|Any CPU
		{F5287C1B-A0BA-4B69-91BB-189993272070}.Release|Any CPU.Build.0 = Release|Any CPU
		{ABF9326C-DC06-4E7B-B835-AB805223B1C8}.Debug|Any CPU.ActiveCfg = Debug|Any CPU
		{ABF9326C-DC06-4E7B-B835-AB805223B1C8}.Debug|Any CPU.Build.0 = Debug|Any CPU
		{ABF9326C-DC06-4E7B-B835-AB805223B1C8}.Release|Any CPU.ActiveCfg = Release|Any CPU
		{ABF9326C-DC06-4E7B-B835-AB805223B1C8}.Release|Any CPU.Build.0 = Release|Any CPU
	EndGlobalSection
	GlobalSection(SolutionProperties) = preSolution
		HideSolutionNode = FALSE
	EndGlobalSection
EndGlobal
